
Microsoft Visual Studio Solution File, Format Version 12.00
# Visual Studio 2012
Project("{FAE04EC0-301F-11D3-BF4B-00C04F79EFBC}") = "StackOverFlow", "StackOverFlow\StackOverFlow.csproj", "{AD7F3996-C1AC-415A-ADAF-0D5EAA7A76DA}"
EndProject
Global
	GlobalSection(SolutionConfigurationPlatforms) = preSolution
		Debug|Any CPU = Debug|Any CPU
		Release|Any CPU = Release|Any CPU
	EndGlobalSection
	GlobalSection(ProjectConfigurationPlatforms) = postSolution
		{AD7F3996-C1AC-415A-ADAF-0D5EAA7A76DA}.Debug|Any CPU.ActiveCfg = Debug|Any CPU
		{AD7F3996-C1AC-415A-ADAF-0D5EAA7A76DA}.Debug|Any CPU.Build.0 = Debug|Any CPU
		{AD7F3996-C1AC-415A-ADAF-0D5EAA7A76DA}.Release|Any CPU.ActiveCfg = Release|Any CPU
		{AD7F3996-C1AC-415A-ADAF-0D5EAA7A76DA}.Release|Any CPU.Build.0 = Release|Any CPU
	EndGlobalSection
	GlobalSection(SolutionProperties) = preSolution
		HideSolutionNode = FALSE
	EndGlobalSection
EndGlobal
